
Microsoft Visual Studio Solution File, Format Version 12.00
# Visual Studio Version 17
VisualStudioVersion = 17.11.35312.102
MinimumVisualStudioVersion = 10.0.40219.1
Project("{FAE04EC0-301F-11D3-BF4B-00C04F79EFBC}") = "imtahanMvc", "imtahanMvc\imtahanMvc.csproj", "{709E5367-630E-45DD-ACC1-E5E29AAF8893}"
EndProject
Global
	GlobalSection(SolutionConfigurationPlatforms) = preSolution
		Debug|Any CPU = Debug|Any CPU
		Release|Any CPU = Release|Any CPU
	EndGlobalSection
	GlobalSection(ProjectConfigurationPlatforms) = postSolution
		{709E5367-630E-45DD-ACC1-E5E29AAF8893}.Debug|Any CPU.ActiveCfg = Debug|Any CPU
		{709E5367-630E-45DD-ACC1-E5E29AAF8893}.Debug|Any CPU.Build.0 = Debug|Any CPU
		{709E5367-630E-45DD-ACC1-E5E29AAF8893}.Release|Any CPU.ActiveCfg = Release|Any CPU
		{709E5367-630E-45DD-ACC1-E5E29AAF8893}.Release|Any CPU.Build.0 = Release|Any CPU
	EndGlobalSection
	GlobalSection(SolutionProperties) = preSolution
		HideSolutionNode = FALSE
	EndGlobalSection
	GlobalSection(ExtensibilityGlobals) = postSolution
		SolutionGuid = {42E8B46D-675B-4B5A-9918-18F5C100B7C7}
	EndGlobalSection
EndGlobal
